
Microsoft Visual Studio Solution File, Format Version 12.00
# Visual Studio Version 16
VisualStudioVersion = 16.0.30225.117
MinimumVisualStudioVersion = 10.0.40219.1
Project("{FAE04EC0-301F-11D3-BF4B-00C04F79EFBC}") = "MovieProject", "MovieProject\MovieProject.csproj", "{4F6DBC00-0D38-4B79-A9C5-9AB90D9836F6}"
EndProject
Global
	GlobalSection(SolutionConfigurationPlatforms) = preSolution
		Debug|Any CPU = Debug|Any CPU
		Release|Any CPU = Release|Any CPU
	EndGlobalSection
	GlobalSection(ProjectConfigurationPlatforms) = postSolution
		{4F6DBC00-0D38-4B79-A9C5-9AB90D9836F6}.Debug|Any CPU.ActiveCfg = Debug|Any CPU
		{4F6DBC00-0D38-4B79-A9C5-9AB90D9836F6}.Debug|Any CPU.Build.0 = Debug|Any CPU
		{4F6DBC00-0D38-4B79-A9C5-9AB90D9836F6}.Release|Any CPU.ActiveCfg = Release|Any CPU
		{4F6DBC00-0D38-4B79-A9C5-9AB90D9836F6}.Release|Any CPU.Build.0 = Release|Any CPU
	EndGlobalSection
	GlobalSection(SolutionProperties) = preSolution
		HideSolutionNode = FALSE
	EndGlobalSection
	GlobalSection(ExtensibilityGlobals) = postSolution
		SolutionGuid = {AB83F9A2-A9CD-4685-896D-8774F9930114}
	EndGlobalSection
EndGlobal
